
Microsoft Visual Studio Solution File, Format Version 12.00
# Visual Studio Version 17
VisualStudioVersion = 17.7.34302.85
MinimumVisualStudioVersion = 10.0.40219.1
Project("{8BC9CEB8-8B4A-11D0-8D11-00A0C91BC942}") = "HuntingSnake", "HuntingSnake\HuntingSnake.vcxproj", "{6E5DCAFC-CCA1-4320-A7D8-FCAAED9B56E9}"
EndProject
Global
	GlobalSection(SolutionConfigurationPlatforms) = preSolution
		Debug|x64 = Debug|x64
		Debug|x86 = Debug|x86
		Release|x64 = Release|x64
		Release|x86 = Release|x86
	EndGlobalSection
	GlobalSection(ProjectConfigurationPlatforms) = postSolution
		{6E5DCAFC-CCA1-4320-A7D8-FCAAED9B56E9}.Debug|x64.ActiveCfg = Debug|x64
		{6E5DCAFC-CCA1-4320-A7D8-FCAAED9B56E9}.Debug|x64.Build.0 = Debug|x64
		{6E5DCAFC-CCA1-4320-A7D8-FCAAED9B56E9}.Debug|x86.ActiveCfg = Debug|Win32
		{6E5DCAFC-CCA1-4320-A7D8-FCAAED9B56E9}.Debug|x86.Build.0 = Debug|Win32
		{6E5DCAFC-CCA1-4320-A7D8-FCAAED9B56E9}.Release|x64.ActiveCfg = Release|x64
		{6E5DCAFC-CCA1-4320-A7D8-FCAAED9B56E9}.Release|x64.Build.0 = Release|x64
		{6E5DCAFC-CCA1-4320-A7D8-FCAAED9B56E9}.Release|x86.ActiveCfg = Release|Win32
		{6E5DCAFC-CCA1-4320-A7D8-FCAAED9B56E9}.Release|x86.Build.0 = Release|Win32
	EndGlobalSection
	GlobalSection(SolutionProperties) = preSolution
		HideSolutionNode = FALSE
	EndGlobalSection
	GlobalSection(ExtensibilityGlobals) = postSolution
		SolutionGuid = {674B4402-7838-4816-9A94-CBE0A22E91B7}
	EndGlobalSection
EndGlobal
